// !$*UTF8*$!
{
	archiveVersion = 1;
	classes = {
	};
	objectVersion = 52;
	objects = {

/* Begin PBXBuildFile section */
		782C4806250A29C30038981B /* NewsData.swift in Sources */ = {isa = PBXBuildFile; fileRef = 782C4805250A29C30038981B /* NewsData.swift */; };
		782C4821250A6E610038981B /* Channel.swift in Sources */ = {isa = PBXBuildFile; fileRef = 782C4820250A6E610038981B /* Channel.swift */; };
		782C4824250A7E2A0038981B /* NewsViewController.swift in Sources */ = {isa = PBXBuildFile; fileRef = 782C4823250A7E2A0038981B /* NewsViewController.swift */; };
		78643EAF2509274100E7A589 /* Sources.swift in Sources */ = {isa = PBXBuildFile; fileRef = 78643EAE2509274100E7A589 /* Sources.swift */; };
		78643EB1250928D900E7A589 /* Constants.swift in Sources */ = {isa = PBXBuildFile; fileRef = 78643EB0250928D900E7A589 /* Constants.swift */; };
		78643EB3250A15D800E7A589 /* Tags.swift in Sources */ = {isa = PBXBuildFile; fileRef = 78643EB2250A15D800E7A589 /* Tags.swift */; };
		78CC726F25090165000F6554 /* AppDelegate.swift in Sources */ = {isa = PBXBuildFile; fileRef = 78CC726E25090165000F6554 /* AppDelegate.swift */; };
		78CC727625090165000F6554 /* Main.storyboard in Resources */ = {isa = PBXBuildFile; fileRef = 78CC727425090165000F6554 /* Main.storyboard */; };
		78CC727925090165000F6554 /* News.xcdatamodeld in Sources */ = {isa = PBXBuildFile; fileRef = 78CC727725090165000F6554 /* News.xcdatamodeld */; };
		78CC727B25090167000F6554 /* Assets.xcassets in Resources */ = {isa = PBXBuildFile; fileRef = 78CC727A25090167000F6554 /* Assets.xcassets */; };
		78CC727E25090167000F6554 /* LaunchScreen.storyboard in Resources */ = {isa = PBXBuildFile; fileRef = 78CC727C25090167000F6554 /* LaunchScreen.storyboard */; };
		78CC7287250901AB000F6554 /* NewsParser.swift in Sources */ = {isa = PBXBuildFile; fileRef = 78CC7286250901AB000F6554 /* NewsParser.swift */; };
		78CC728C250903E3000F6554 /* NewsTableViewController.swift in Sources */ = {isa = PBXBuildFile; fileRef = 78CC728B250903E3000F6554 /* NewsTableViewController.swift */; };
		78CC728E25090570000F6554 /* SettingsTableViewController.swift in Sources */ = {isa = PBXBuildFile; fileRef = 78CC728D25090570000F6554 /* SettingsTableViewController.swift */; };
		78CC7290250905E1000F6554 /* UpdateIntervalTableViewController.swift in Sources */ = {isa = PBXBuildFile; fileRef = 78CC728F250905E1000F6554 /* UpdateIntervalTableViewController.swift */; };
		78CC72922509061E000F6554 /* UpdateIntervalTableViewCell.swift in Sources */ = {isa = PBXBuildFile; fileRef = 78CC72912509061E000F6554 /* UpdateIntervalTableViewCell.swift */; };
		78CC729625090B9D000F6554 /* NewsTableViewCell.swift in Sources */ = {isa = PBXBuildFile; fileRef = 78CC729525090B9D000F6554 /* NewsTableViewCell.swift */; };
		78CC729A25091426000F6554 /* ImageFetcher.swift in Sources */ = {isa = PBXBuildFile; fileRef = 78CC729925091426000F6554 /* ImageFetcher.swift */; };
		78D2F34E250BA4FD00DBD76F /* FavoriteNewsViewController.swift in Sources */ = {isa = PBXBuildFile; fileRef = 78D2F34D250BA4FD00DBD76F /* FavoriteNewsViewController.swift */; };
		78D2F350250BA5AD00DBD76F /* TableViewController.swift in Sources */ = {isa = PBXBuildFile; fileRef = 78D2F34F250BA5AD00DBD76F /* TableViewController.swift */; };
		78D2F352250BA67500DBD76F /* NonEditableTableViewController.swift in Sources */ = {isa = PBXBuildFile; fileRef = 78D2F351250BA67500DBD76F /* NonEditableTableViewController.swift */; };
		78D2F354250BAE7000DBD76F /* Intervals.swift in Sources */ = {isa = PBXBuildFile; fileRef = 78D2F353250BAE7000DBD76F /* Intervals.swift */; };
/* End PBXBuildFile section */

/* Begin PBXFileReference section */
		782C4805250A29C30038981B /* NewsData.swift */ = {isa = PBXFileReference; lastKnownFileType = sourcecode.swift; path = NewsData.swift; sourceTree = "<group>"; };
		782C4820250A6E610038981B /* Channel.swift */ = {isa = PBXFileReference; lastKnownFileType = sourcecode.swift; path = Channel.swift; sourceTree = "<group>"; };
		782C4823250A7E2A0038981B /* NewsViewController.swift */ = {isa = PBXFileReference; lastKnownFileType = sourcecode.swift; path = NewsViewController.swift; sourceTree = "<group>"; };
		78643EAE2509274100E7A589 /* Sources.swift */ = {isa = PBXFileReference; lastKnownFileType = sourcecode.swift; path = Sources.swift; sourceTree = "<group>"; };
		78643EB0250928D900E7A589 /* Constants.swift */ = {isa = PBXFileReference; lastKnownFileType = sourcecode.swift; path = Constants.swift; sourceTree = "<group>"; };
		78643EB2250A15D800E7A589 /* Tags.swift */ = {isa = PBXFileReference; lastKnownFileType = sourcecode.swift; path = Tags.swift; sourceTree = "<group>"; };
		78CC726B25090165000F6554 /* News.app */ = {isa = PBXFileReference; explicitFileType = wrapper.application; includeInIndex = 0; path = News.app; sourceTree = BUILT_PRODUCTS_DIR; };
		78CC726E25090165000F6554 /* AppDelegate.swift */ = {isa = PBXFileReference; lastKnownFileType = sourcecode.swift; path = AppDelegate.swift; sourceTree = "<group>"; };
		78CC727525090165000F6554 /* Base */ = {isa = PBXFileReference; lastKnownFileType = file.storyboard; name = Base; path = Base.lproj/Main.storyboard; sourceTree = "<group>"; };
		78CC727825090165000F6554 /* News.xcdatamodel */ = {isa = PBXFileReference; lastKnownFileType = wrapper.xcdatamodel; path = News.xcdatamodel; sourceTree = "<group>"; };
		78CC727A25090167000F6554 /* Assets.xcassets */ = {isa = PBXFileReference; lastKnownFileType = folder.assetcatalog; path = Assets.xcassets; sourceTree = "<group>"; };
		78CC727D25090167000F6554 /* Base */ = {isa = PBXFileReference; lastKnownFileType = file.storyboard; name = Base; path = Base.lproj/LaunchScreen.storyboard; sourceTree = "<group>"; };
		78CC727F25090167000F6554 /* Info.plist */ = {isa = PBXFileReference; lastKnownFileType = text.plist.xml; path = Info.plist; sourceTree = "<group>"; };
		78CC7286250901AB000F6554 /* NewsParser.swift */ = {isa = PBXFileReference; lastKnownFileType = sourcecode.swift; path = NewsParser.swift; sourceTree = "<group>"; };
		78CC728B250903E3000F6554 /* NewsTableViewController.swift */ = {isa = PBXFileReference; lastKnownFileType = sourcecode.swift; path = NewsTableViewController.swift; sourceTree = "<group>"; };
		78CC728D25090570000F6554 /* SettingsTableViewController.swift */ = {isa = PBXFileReference; lastKnownFileType = sourcecode.swift; path = SettingsTableViewController.swift; sourceTree = "<group>"; };
		78CC728F250905E1000F6554 /* UpdateIntervalTableViewController.swift */ = {isa = PBXFileReference; lastKnownFileType = sourcecode.swift; path = UpdateIntervalTableViewController.swift; sourceTree = "<group>"; };
		78CC72912509061E000F6554 /* UpdateIntervalTableViewCell.swift */ = {isa = PBXFileReference; lastKnownFileType = sourcecode.swift; path = UpdateIntervalTableViewCell.swift; sourceTree = "<group>"; };
		78CC729525090B9D000F6554 /* NewsTableViewCell.swift */ = {isa = PBXFileReference; lastKnownFileType = sourcecode.swift; path = NewsTableViewCell.swift; sourceTree = "<group>"; };
		78CC729925091426000F6554 /* ImageFetcher.swift */ = {isa = PBXFileReference; lastKnownFileType = sourcecode.swift; path = ImageFetcher.swift; sourceTree = "<group>"; };
		78D2F34D250BA4FD00DBD76F /* FavoriteNewsViewController.swift */ = {isa = PBXFileReference; lastKnownFileType = sourcecode.swift; path = FavoriteNewsViewController.swift; sourceTree = "<group>"; };
		78D2F34F250BA5AD00DBD76F /* TableViewController.swift */ = {isa = PBXFileReference; lastKnownFileType = sourcecode.swift; path = TableViewController.swift; sourceTree = "<group>"; };
		78D2F351250BA67500DBD76F /* NonEditableTableViewController.swift */ = {isa = PBXFileReference; fileEncoding = 4; lastKnownFileType = sourcecode.swift; path = NonEditableTableViewController.swift; sourceTree = "<group>"; };
		78D2F353250BAE7000DBD76F /* Intervals.swift */ = {isa = PBXFileReference; lastKnownFileType = sourcecode.swift; path = Intervals.swift; sourceTree = "<group>"; };
/* End PBXFileReference section */

/* Begin PBXFrameworksBuildPhase section */
		78CC726825090165000F6554 /* Frameworks */ = {
			isa = PBXFrameworksBuildPhase;
			buildActionMask = 2147483647;
			files = (
			);
			runOnlyForDeploymentPostprocessing = 0;
		};
/* End PBXFrameworksBuildPhase section */

/* Begin PBXGroup section */
		782C4822250A7E010038981B /* ViewControllers */ = {
			isa = PBXGroup;
			children = (
				782C4823250A7E2A0038981B /* NewsViewController.swift */,
			);
			path = ViewControllers;
			sourceTree = "<group>";
		};
		78CC726225090165000F6554 = {
			isa = PBXGroup;
			children = (
				78CC726D25090165000F6554 /* News */,
				78CC726C25090165000F6554 /* Products */,
			);
			sourceTree = "<group>";
		};
		78CC726C25090165000F6554 /* Products */ = {
			isa = PBXGroup;
			children = (
				78CC726B25090165000F6554 /* News.app */,
			);
			name = Products;
			sourceTree = "<group>";
		};
		78CC726D25090165000F6554 /* News */ = {
			isa = PBXGroup;
			children = (
				78CC727425090165000F6554 /* Main.storyboard */,
				78CC72852509019D000F6554 /* Model */,
				782C4822250A7E010038981B /* ViewControllers */,
				78CC7289250901F7000F6554 /* TableViewController */,
				78CC728A25090201000F6554 /* TableViewCell */,
				78CC7288250901BD000F6554 /* Misc */,
			);
			path = News;
			sourceTree = "<group>";
		};
		78CC72852509019D000F6554 /* Model */ = {
			isa = PBXGroup;
			children = (
				78CC727725090165000F6554 /* News.xcdatamodeld */,
				78CC7286250901AB000F6554 /* NewsParser.swift */,
				78CC729925091426000F6554 /* ImageFetcher.swift */,
				78643EAE2509274100E7A589 /* Sources.swift */,
				78643EB0250928D900E7A589 /* Constants.swift */,
				78643EB2250A15D800E7A589 /* Tags.swift */,
				782C4805250A29C30038981B /* NewsData.swift */,
				782C4820250A6E610038981B /* Channel.swift */,
				78D2F353250BAE7000DBD76F /* Intervals.swift */,
			);
			path = Model;
			sourceTree = "<group>";
		};
		78CC7288250901BD000F6554 /* Misc */ = {
			isa = PBXGroup;
			children = (
				78CC726E25090165000F6554 /* AppDelegate.swift */,
				78CC727A25090167000F6554 /* Assets.xcassets */,
				78CC727C25090167000F6554 /* LaunchScreen.storyboard */,
				78CC727F25090167000F6554 /* Info.plist */,
			);
			path = Misc;
			sourceTree = "<group>";
		};
		78CC7289250901F7000F6554 /* TableViewController */ = {
			isa = PBXGroup;
			children = (
				78D2F34F250BA5AD00DBD76F /* TableViewController.swift */,
				78CC728B250903E3000F6554 /* NewsTableViewController.swift */,
				78D2F34D250BA4FD00DBD76F /* FavoriteNewsViewController.swift */,
				78CC728D25090570000F6554 /* SettingsTableViewController.swift */,
				78CC728F250905E1000F6554 /* UpdateIntervalTableViewController.swift */,
				78D2F351250BA67500DBD76F /* NonEditableTableViewController.swift */,
			);
			path = TableViewController;
			sourceTree = "<group>";
		};
		78CC728A25090201000F6554 /* TableViewCell */ = {
			isa = PBXGroup;
			children = (
				78CC72912509061E000F6554 /* UpdateIntervalTableViewCell.swift */,
				78CC729525090B9D000F6554 /* NewsTableViewCell.swift */,
			);
			path = TableViewCell;
			sourceTree = "<group>";
		};
/* End PBXGroup section */

/* Begin PBXNativeTarget section */
		78CC726A25090165000F6554 /* News */ = {
			isa = PBXNativeTarget;
			buildConfigurationList = 78CC728225090167000F6554 /* Build configuration list for PBXNativeTarget "News" */;
			buildPhases = (
				78CC726725090165000F6554 /* Sources */,
				78CC726825090165000F6554 /* Frameworks */,
				78CC726925090165000F6554 /* Resources */,
			);
			buildRules = (
			);
			dependencies = (
			);
			name = News;
			packageProductDependencies = (
			);
			productName = News;
			productReference = 78CC726B25090165000F6554 /* News.app */;
			productType = "com.apple.product-type.application";
		};
/* End PBXNativeTarget section */

/* Begin PBXProject section */
		78CC726325090165000F6554 /* Project object */ = {
			isa = PBXProject;
			attributes = {
				LastSwiftUpdateCheck = 1170;
				LastUpgradeCheck = 1170;
				ORGANIZATIONNAME = VL;
				TargetAttributes = {
					78CC726A25090165000F6554 = {
						CreatedOnToolsVersion = 11.7;
					};
				};
			};
			buildConfigurationList = 78CC726625090165000F6554 /* Build configuration list for PBXProject "News" */;
			compatibilityVersion = "Xcode 9.3";
			developmentRegion = en;
			hasScannedForEncodings = 0;
			knownRegions = (
				en,
				Base,
			);
			mainGroup = 78CC726225090165000F6554;
			packageReferences = (
				782C4807250A556E0038981B /* XCRemoteSwiftPackageReference "SwiftyXMLParser" */,
			);
			productRefGroup = 78CC726C25090165000F6554 /* Products */;
			projectDirPath = "";
			projectRoot = "";
			targets = (
				78CC726A25090165000F6554 /* News */,
			);
		};
/* End PBXProject section */

/* Begin PBXResourcesBuildPhase section */
		78CC726925090165000F6554 /* Resources */ = {
			isa = PBXResourcesBuildPhase;
			buildActionMask = 2147483647;
			files = (
				78CC727E25090167000F6554 /* LaunchScreen.storyboard in Resources */,
				78CC727B25090167000F6554 /* Assets.xcassets in Resources */,
				78CC727625090165000F6554 /* Main.storyboard in Resources */,
			);
			runOnlyForDeploymentPostprocessing = 0;
		};
/* End PBXResourcesBuildPhase section */

/* Begin PBXSourcesBuildPhase section */
		78CC726725090165000F6554 /* Sources */ = {
			isa = PBXSourcesBuildPhase;
			buildActionMask = 2147483647;
			files = (
				78CC728C250903E3000F6554 /* NewsTableViewController.swift in Sources */,
				78D2F354250BAE7000DBD76F /* Intervals.swift in Sources */,
				782C4821250A6E610038981B /* Channel.swift in Sources */,
				78D2F350250BA5AD00DBD76F /* TableViewController.swift in Sources */,
				78CC72922509061E000F6554 /* UpdateIntervalTableViewCell.swift in Sources */,
				78643EB3250A15D800E7A589 /* Tags.swift in Sources */,
				78CC728E25090570000F6554 /* SettingsTableViewController.swift in Sources */,
				78CC7287250901AB000F6554 /* NewsParser.swift in Sources */,
				78D2F352250BA67500DBD76F /* NonEditableTableViewController.swift in Sources */,
				782C4806250A29C30038981B /* NewsData.swift in Sources */,
				78CC726F25090165000F6554 /* AppDelegate.swift in Sources */,
				78D2F34E250BA4FD00DBD76F /* FavoriteNewsViewController.swift in Sources */,
				78CC727925090165000F6554 /* News.xcdatamodeld in Sources */,
				78643EB1250928D900E7A589 /* Constants.swift in Sources */,
				78CC7290250905E1000F6554 /* UpdateIntervalTableViewController.swift in Sources */,
				78643EAF2509274100E7A589 /* Sources.swift in Sources */,
				78CC729A25091426000F6554 /* ImageFetcher.swift in Sources */,
				78CC729625090B9D000F6554 /* NewsTableViewCell.swift in Sources */,
				782C4824250A7E2A0038981B /* NewsViewController.swift in Sources */,
			);
			runOnlyForDeploymentPostprocessing = 0;
		};
/* End PBXSourcesBuildPhase section */

/* Begin PBXVariantGroup section */
		78CC727425090165000F6554 /* Main.storyboard */ = {
			isa = PBXVariantGroup;
			children = (
				78CC727525090165000F6554 /* Base */,
			);
			name = Main.storyboard;
			sourceTree = "<group>";
		};
		78CC727C25090167000F6554 /* LaunchScreen.storyboard */ = {
			isa = PBXVariantGroup;
			children = (
				78CC727D25090167000F6554 /* Base */,
			);
			name = LaunchScreen.storyboard;
			sourceTree = "<group>";
		};
/* End PBXVariantGroup section */

/* Begin XCBuildConfiguration section */
		78CC728025090167000F6554 /* Debug */ = {
			isa = XCBuildConfiguration;
			buildSettings = {
				ALWAYS_SEARCH_USER_PATHS = NO;
				CLANG_ANALYZER_NONNULL = YES;
				CLANG_ANALYZER_NUMBER_OBJECT_CONVERSION = YES_AGGRESSIVE;
				CLANG_CXX_LANGUAGE_STANDARD = "gnu++14";
				CLANG_CXX_LIBRARY = "libc++";
				CLANG_ENABLE_MODULES = YES;
				CLANG_ENABLE_OBJC_ARC = YES;
				CLANG_ENABLE_OBJC_WEAK = YES;
				CLANG_WARN_BLOCK_CAPTURE_AUTORELEASING = YES;
				CLANG_WARN_BOOL_CONVERSION = YES;
				CLANG_WARN_COMMA = YES;
				CLANG_WARN_CONSTANT_CONVERSION = YES;
				CLANG_WARN_DEPRECATED_OBJC_IMPLEMENTATIONS = YES;
				CLANG_WARN_DIRECT_OBJC_ISA_USAGE = YES_ERROR;
				CLANG_WARN_DOCUMENTATION_COMMENTS = YES;
				CLANG_WARN_EMPTY_BODY = YES;
				CLANG_WARN_ENUM_CONVERSION = YES;
				CLANG_WARN_INFINITE_RECURSION = YES;
				CLANG_WARN_INT_CONVERSION = YES;
				CLANG_WARN_NON_LITERAL_NULL_CONVERSION = YES;
				CLANG_WARN_OBJC_IMPLICIT_RETAIN_SELF = YES;
				CLANG_WARN_OBJC_LITERAL_CONVERSION = YES;
				CLANG_WARN_OBJC_ROOT_CLASS = YES_ERROR;
				CLANG_WARN_RANGE_LOOP_ANALYSIS = YES;
				CLANG_WARN_STRICT_PROTOTYPES = YES;
				CLANG_WARN_SUSPICIOUS_MOVE = YES;
				CLANG_WARN_UNGUARDED_AVAILABILITY = YES_AGGRESSIVE;
				CLANG_WARN_UNREACHABLE_CODE = YES;
				CLANG_WARN__DUPLICATE_METHOD_MATCH = YES;
				COPY_PHASE_STRIP = NO;
				DEBUG_INFORMATION_FORMAT = dwarf;
				ENABLE_STRICT_OBJC_MSGSEND = YES;
				ENABLE_TESTABILITY = YES;
				GCC_C_LANGUAGE_STANDARD = gnu11;
				GCC_DYNAMIC_NO_PIC = NO;
				GCC_NO_COMMON_BLOCKS = YES;
				GCC_OPTIMIZATION_LEVEL = 0;
				GCC_PREPROCESSOR_DEFINITIONS = (
					"DEBUG=1",
					"$(inherited)",
				);
				GCC_WARN_64_TO_32_BIT_CONVERSION = YES;
				GCC_WARN_ABOUT_RETURN_TYPE = YES_ERROR;
				GCC_WARN_UNDECLARED_SELECTOR = YES;
				GCC_WARN_UNINITIALIZED_AUTOS = YES_AGGRESSIVE;
				GCC_WARN_UNUSED_FUNCTION = YES;
				GCC_WARN_UNUSED_VARIABLE = YES;
				IPHONEOS_DEPLOYMENT_TARGET = 13.7;
				MTL_ENABLE_DEBUG_INFO = INCLUDE_SOURCE;
				MTL_FAST_MATH = YES;
				ONLY_ACTIVE_ARCH = YES;
				SDKROOT = iphoneos;
				SWIFT_ACTIVE_COMPILATION_CONDITIONS = DEBUG;
				SWIFT_OPTIMIZATION_LEVEL = "-Onone";
			};
			name = Debug;
		};
		78CC728125090167000F6554 /* Release */ = {
			isa = XCBuildConfiguration;
			buildSettings = {
				ALWAYS_SEARCH_USER_PATHS = NO;
				CLANG_ANALYZER_NONNULL = YES;
				CLANG_ANALYZER_NUMBER_OBJECT_CONVERSION = YES_AGGRESSIVE;
				CLANG_CXX_LANGUAGE_STANDARD = "gnu++14";
				CLANG_CXX_LIBRARY = "libc++";
				CLANG_ENABLE_MODULES = YES;
				CLANG_ENABLE_OBJC_ARC = YES;
				CLANG_ENABLE_OBJC_WEAK = YES;
				CLANG_WARN_BLOCK_CAPTURE_AUTORELEASING = YES;
				CLANG_WARN_BOOL_CONVERSION = YES;
				CLANG_WARN_COMMA = YES;
				CLANG_WARN_CONSTANT_CONVERSION = YES;
				CLANG_WARN_DEPRECATED_OBJC_IMPLEMENTATIONS = YES;
				CLANG_WARN_DIRECT_OBJC_ISA_USAGE = YES_ERROR;
				CLANG_WARN_DOCUMENTATION_COMMENTS = YES;
				CLANG_WARN_EMPTY_BODY = YES;
				CLANG_WARN_ENUM_CONVERSION = YES;
				CLANG_WARN_INFINITE_RECURSION = YES;
				CLANG_WARN_INT_CONVERSION = YES;
				CLANG_WARN_NON_LITERAL_NULL_CONVERSION = YES;
				CLANG_WARN_OBJC_IMPLICIT_RETAIN_SELF = YES;
				CLANG_WARN_OBJC_LITERAL_CONVERSION = YES;
				CLANG_WARN_OBJC_ROOT_CLASS = YES_ERROR;
				CLANG_WARN_RANGE_LOOP_ANALYSIS = YES;
				CLANG_WARN_STRICT_PROTOTYPES = YES;
				CLANG_WARN_SUSPICIOUS_MOVE = YES;
				CLANG_WARN_UNGUARDED_AVAILABILITY = YES_AGGRESSIVE;
				CLANG_WARN_UNREACHABLE_CODE = YES;
				CLANG_WARN__DUPLICATE_METHOD_MATCH = YES;
				COPY_PHASE_STRIP = NO;
				DEBUG_INFORMATION_FORMAT = "dwarf-with-dsym";
				ENABLE_NS_ASSERTIONS = NO;
				ENABLE_STRICT_OBJC_MSGSEND = YES;
				GCC_C_LANGUAGE_STANDARD = gnu11;
				GCC_NO_COMMON_BLOCKS = YES;
				GCC_WARN_64_TO_32_BIT_CONVERSION = YES;
				GCC_WARN_ABOUT_RETURN_TYPE = YES_ERROR;
				GCC_WARN_UNDECLARED_SELECTOR = YES;
				GCC_WARN_UNINITIALIZED_AUTOS = YES_AGGRESSIVE;
				GCC_WARN_UNUSED_FUNCTION = YES;
				GCC_WARN_UNUSED_VARIABLE = YES;
				IPHONEOS_DEPLOYMENT_TARGET = 13.7;
				MTL_ENABLE_DEBUG_INFO = NO;
				MTL_FAST_MATH = YES;
				SDKROOT = iphoneos;
				SWIFT_COMPILATION_MODE = wholemodule;
				SWIFT_OPTIMIZATION_LEVEL = "-O";
				VALIDATE_PRODUCT = YES;
			};
			name = Release;
		};
		78CC728325090167000F6554 /* Debug */ = {
			isa = XCBuildConfiguration;
			buildSettings = {
				ASSETCATALOG_COMPILER_APPICON_NAME = AppIcon;
				CODE_SIGN_STYLE = Automatic;
				DEVELOPMENT_TEAM = 36UX7SKY3J;
				INFOPLIST_FILE = News/Misc/Info.plist;
				IPHONEOS_DEPLOYMENT_TARGET = 12.0;
				LD_RUNPATH_SEARCH_PATHS = (
					"$(inherited)",
					"@executable_path/Frameworks",
				);
				PRODUCT_BUNDLE_IDENTIFIER = com.test.iosdeveloper.News;
				PRODUCT_NAME = "$(TARGET_NAME)";
				SWIFT_VERSION = 5.0;
				TARGETED_DEVICE_FAMILY = "1,2";
			};
			name = Debug;
		};
		78CC728425090167000F6554 /* Release */ = {
			isa = XCBuildConfiguration;
			buildSettings = {
				ASSETCATALOG_COMPILER_APPICON_NAME = AppIcon;
				CODE_SIGN_STYLE = Automatic;
				DEVELOPMENT_TEAM = 36UX7SKY3J;
				INFOPLIST_FILE = News/Misc/Info.plist;
				IPHONEOS_DEPLOYMENT_TARGET = 12.0;
				LD_RUNPATH_SEARCH_PATHS = (
					"$(inherited)",
					"@executable_path/Frameworks",
				);
				PRODUCT_BUNDLE_IDENTIFIER = com.test.iosdeveloper.News;
				PRODUCT_NAME = "$(TARGET_NAME)";
				SWIFT_VERSION = 5.0;
				TARGETED_DEVICE_FAMILY = "1,2";
			};
			name = Release;
		};
/* End XCBuildConfiguration section */

/* Begin XCConfigurationList section */
		78CC726625090165000F6554 /* Build configuration list for PBXProject "News" */ = {
			isa = XCConfigurationList;
			buildConfigurations = (
				78CC728025090167000F6554 /* Debug */,
				78CC728125090167000F6554 /* Release */,
			);
			defaultConfigurationIsVisible = 0;
			defaultConfigurationName = Release;
		};
		78CC728225090167000F6554 /* Build configuration list for PBXNativeTarget "News" */ = {
			isa = XCConfigurationList;
			buildConfigurations = (
				78CC728325090167000F6554 /* Debug */,
				78CC728425090167000F6554 /* Release */,
			);
			defaultConfigurationIsVisible = 0;
			defaultConfigurationName = Release;
		};
/* End XCConfigurationList section */

/* Begin XCRemoteSwiftPackageReference section */
		782C4807250A556E0038981B /* XCRemoteSwiftPackageReference "SwiftyXMLParser" */ = {
			isa = XCRemoteSwiftPackageReference;
			repositoryURL = "https://github.com/yahoojapan/SwiftyXMLParser.git";
			requirement = {
				kind = upToNextMajorVersion;
				minimumVersion = 5.2.0;
			};
		};
/* End XCRemoteSwiftPackageReference section */

/* Begin XCVersionGroup section */
		78CC727725090165000F6554 /* News.xcdatamodeld */ = {
			isa = XCVersionGroup;
			children = (
				78CC727825090165000F6554 /* News.xcdatamodel */,
			);
			currentVersion = 78CC727825090165000F6554 /* News.xcdatamodel */;
			path = News.xcdatamodeld;
			sourceTree = "<group>";
			versionGroupType = wrapper.xcdatamodel;
		};
/* End XCVersionGroup section */
	};
	rootObject = 78CC726325090165000F6554 /* Project object */;
}
